
Microsoft Visual Studio Solution File, Format Version 12.00
# Visual Studio 14
VisualStudioVersion = 14.0.23107.0
MinimumVisualStudioVersion = 10.0.40219.1
Project("{FAE04EC0-301F-11D3-BF4B-00C04F79EFBC}") = "SukinStore.Web", "SukinStore.Web\SukinStore.Web.csproj", "{FACFB0DD-7E7A-466D-99FC-AC3277A14CDD}"
EndProject
Project("{FAE04EC0-301F-11D3-BF4B-00C04F79EFBC}") = "SukinStore.Services", "SukinStore.Services\SukinStore.Services.csproj", "{777C8428-4FA0-4B3D-B0C0-26B2E0B518F0}"
EndProject
Project("{FAE04EC0-301F-11D3-BF4B-00C04F79EFBC}") = "SukinStore.Data", "SukinStore.Data\SukinStore.Data.csproj", "{A70D27CD-EAE9-4ACF-A664-BF6C86C8DB0A}"
EndProject
Project("{FAE04EC0-301F-11D3-BF4B-00C04F79EFBC}") = "SukinStore.Core", "SukinStore.Core\SukinStore.Core.csproj", "{A14ED553-C666-4011-A9FD-4842938F3F04}"
EndProject
Project("{FAE04EC0-301F-11D3-BF4B-00C04F79EFBC}") = "SukinStore.Service", "SukinStore.Service\SukinStore.Service.csproj", "{C6641743-57D5-4DE8-B11B-EF4124A457A9}"
EndProject
Project("{FAE04EC0-301F-11D3-BF4B-00C04F79EFBC}") = "SukinStore.Mbship.Web", "SukinStore.Membership.Web\SukinStore.Mbship.Web.csproj", "{A20966CD-EFCB-4CBF-B81D-10F784B47C22}"
EndProject
Project("{FAE04EC0-301F-11D3-BF4B-00C04F79EFBC}") = "SukinStore.Bootstrap.Web", "SukinStore.Bootstrap.Web\SukinStore.Bootstrap.Web.csproj", "{F54060BC-6419-47D8-8B92-F36B355CE4DF}"
EndProject
Global
	GlobalSection(SolutionConfigurationPlatforms) = preSolution
		Debug|Any CPU = Debug|Any CPU
		Release|Any CPU = Release|Any CPU
	EndGlobalSection
	GlobalSection(ProjectConfigurationPlatforms) = postSolution
		{FACFB0DD-7E7A-466D-99FC-AC3277A14CDD}.Debug|Any CPU.ActiveCfg = Debug|Any CPU
		{FACFB0DD-7E7A-466D-99FC-AC3277A14CDD}.Debug|Any CPU.Build.0 = Debug|Any CPU
		{FACFB0DD-7E7A-466D-99FC-AC3277A14CDD}.Release|Any CPU.ActiveCfg = Release|Any CPU
		{FACFB0DD-7E7A-466D-99FC-AC3277A14CDD}.Release|Any CPU.Build.0 = Release|Any CPU
		{777C8428-4FA0-4B3D-B0C0-26B2E0B518F0}.Debug|Any CPU.ActiveCfg = Debug|Any CPU
		{777C8428-4FA0-4B3D-B0C0-26B2E0B518F0}.Debug|Any CPU.Build.0 = Debug|Any CPU
		{777C8428-4FA0-4B3D-B0C0-26B2E0B518F0}.Release|Any CPU.ActiveCfg = Release|Any CPU
		{777C8428-4FA0-4B3D-B0C0-26B2E0B518F0}.Release|Any CPU.Build.0 = Release|Any CPU
		{A70D27CD-EAE9-4ACF-A664-BF6C86C8DB0A}.Debug|Any CPU.ActiveCfg = Debug|Any CPU
		{A70D27CD-EAE9-4ACF-A664-BF6C86C8DB0A}.Debug|Any CPU.Build.0 = Debug|Any CPU
		{A70D27CD-EAE9-4ACF-A664-BF6C86C8DB0A}.Release|Any CPU.ActiveCfg = Release|Any CPU
		{A70D27CD-EAE9-4ACF-A664-BF6C86C8DB0A}.Release|Any CPU.Build.0 = Release|Any CPU
		{A14ED553-C666-4011-A9FD-4842938F3F04}.Debug|Any CPU.ActiveCfg = Debug|Any CPU
		{A14ED553-C666-4011-A9FD-4842938F3F04}.Debug|Any CPU.Build.0 = Debug|Any CPU
		{A14ED553-C666-4011-A9FD-4842938F3F04}.Release|Any CPU.ActiveCfg = Release|Any CPU
		{A14ED553-C666-4011-A9FD-4842938F3F04}.Release|Any CPU.Build.0 = Release|Any CPU
		{C6641743-57D5-4DE8-B11B-EF4124A457A9}.Debug|Any CPU.ActiveCfg = Debug|Any CPU
		{C6641743-57D5-4DE8-B11B-EF4124A457A9}.Debug|Any CPU.Build.0 = Debug|Any CPU
		{C6641743-57D5-4DE8-B11B-EF4124A457A9}.Release|Any CPU.ActiveCfg = Release|Any CPU
		{C6641743-57D5-4DE8-B11B-EF4124A457A9}.Release|Any CPU.Build.0 = Release|Any CPU
		{A20966CD-EFCB-4CBF-B81D-10F784B47C22}.Debug|Any CPU.ActiveCfg = Debug|Any CPU
		{A20966CD-EFCB-4CBF-B81D-10F784B47C22}.Debug|Any CPU.Build.0 = Debug|Any CPU
		{A20966CD-EFCB-4CBF-B81D-10F784B47C22}.Release|Any CPU.ActiveCfg = Release|Any CPU
		{A20966CD-EFCB-4CBF-B81D-10F784B47C22}.Release|Any CPU.Build.0 = Release|Any CPU
		{F54060BC-6419-47D8-8B92-F36B355CE4DF}.Debug|Any CPU.ActiveCfg = Debug|Any CPU
		{F54060BC-6419-47D8-8B92-F36B355CE4DF}.Debug|Any CPU.Build.0 = Debug|Any CPU
		{F54060BC-6419-47D8-8B92-F36B355CE4DF}.Release|Any CPU.ActiveCfg = Release|Any CPU
		{F54060BC-6419-47D8-8B92-F36B355CE4DF}.Release|Any CPU.Build.0 = Release|Any CPU
	EndGlobalSection
	GlobalSection(SolutionProperties) = preSolution
		HideSolutionNode = FALSE
	EndGlobalSection
EndGlobal
